{
  "name": "attendance-system",
  "lockfileVersion": 3,
  "requires": true,
  "packages": {
    "": {
      "dependencies": {
        "@lottiefiles/dotlottie-react": "^0.19.1"
      }
    },
    "node_modules/@lottiefiles/dotlottie-react": {
      "version": "0.19.1",
      "resolved": "https://registry.npmjs.org/@lottiefiles/dotlottie-react/-/dotlottie-react-0.19.1.tgz",
      "integrity": "sha512-D1d/g13qrs77Y/4JrbWSdcDTfyiYOK7NriYiTW7I0rHZyIChji0mNrPOA1D5VPcnwjioWyijTS1AXIut0FyETQ==",
      "license": "MIT",
      "dependencies": {
        "@lottiefiles/dotlottie-web": "0.72.0"
      },
      "peerDependencies": {
        "react": "^17 || ^18 || ^19"
      }
    },
    "node_modules/@lottiefiles/dotlottie-web": {
      "version": "0.72.0",
      "resolved": "https://registry.npmjs.org/@lottiefiles/dotlottie-web/-/dotlottie-web-0.72.0.tgz",
      "integrity": "sha512-CllhCIWWcCrUN71RCwyj9vbSQGE8H465m2Efudizfe5CIitQly7TO7DS2f6juBr5VZVy/r5AqQPUcbvz2uoxtQ==",
      "license": "MIT"
    },
    "node_modules/react": {
      "version": "19.2.6",
      "resolved": "https://registry.npmjs.org/react/-/react-19.2.6.tgz",
      "integrity": "sha512-sfWGGfavi0xr8Pg0sVsyHMAOziVYKgPLNrS7ig+ivMNb3wbCBw3KxtflsGBAwD3gYQlE/AEZsTLgToRrSCjb0Q==",
      "license": "MIT",
      "peer": true,
      "engines": {
        "node": ">=0.10.0"
      }
    }
  }
}
